<?xml version="1.0" encoding="utf-8"?>
<Project ToolsVersion="4.0" xmlns="http://schemas.microsoft.com/developer/msbuild/2003">
  <ItemGroup>
    <ClInclude Include="..\include\math\vector_float.h" />
    <ClInclude Include="..\include\math\utility.h" />
    <ClInclude Include="..\include\math\vector_int.h" />
    <ClInclude Include="..\include\math\matrix.h" />
    <ClInclude Include="..\include\math\transform.h" />
    <ClInclude Include="..\include\math\math_traits.h" />
  </ItemGroup>
  <ItemGroup>
    <ClCompile Include="..\src\vector_float.cpp" />
    <ClCompile Include="..\src\matrix.cpp" />
    <ClCompile Include="..\src\transform.cpp" />
  </ItemGroup>
</Project>