<?xml version="1.0" encoding="utf-8"?>
<Project ToolsVersion="4.0" xmlns="http://schemas.microsoft.com/developer/msbuild/2003">
  <ItemGroup>
    <ClCompile Include="..\src\vector_float_unittest.cpp" />
    <ClCompile Include="..\src\utility_unittest.cpp" />
    <ClCompile Include="..\src\vector_int_unittest.cpp" />
    <ClCompile Include="..\src\matrix_unittest.cpp" />
    <ClCompile Include="..\src\transform_unittest.cpp" />
    <ClCompile Include="..\src\math_traits_unittest.cpp" />
    <ClCompile Include="..\src\vector_utility_unittest.cpp" />
  </ItemGroup>
</Project>